{
  "name": "short",
  "version": "2.6.0",
  "lockfileVersion": 1,
  "requires": true,
  "dependencies": {
    "assertion-error": {
      "version": "1.0.0",
      "resolved": "https://registry.npmjs.org/assertion-error/-/assertion-error-1.0.0.tgz",
      "integrity": "sha1-x/hUOP3UZrx8oWq5DIFRN5el0js="
    },
    "async": {
      "version": "0.9.0",
      "resolved": "https://registry.npmjs.org/async/-/async-0.9.0.tgz",
      "integrity": "sha1-rDYTsdqb7RtHUQu0ZRuJMeRxRsc="
    },
    "bindings": {
      "version": "1.5.0",
      "resolved": "https://registry.npmjs.org/bindings/-/bindings-1.5.0.tgz",
      "integrity": "sha512-p2q/t/mhvuOj/UeLlV6566GD/guowlr0hHxClI0W9m7MWYkL1F0hLo+0Aexs9HSPCtR1SXQ0TD3MMKrXZajbiQ==",
      "optional": true,
      "requires": {
        "file-uri-to-path": "1.0.0"
      }
    },
    "bluebird": {
      "version": "3.5.3",
      "resolved": "https://registry.npmjs.org/bluebird/-/bluebird-3.5.3.tgz",
      "integrity": "sha512-/qKPUQlaW1OyR51WeCPBvRnAlnZFUJkCSG5HzGnuIqhgyJtF+T94lFnn33eiazjRm2LAHVy2guNnaq48X9SJuw=="
    },
    "bson": {
      "version": "0.3.2",
      "resolved": "https://registry.npmjs.org/bson/-/bson-0.3.2.tgz",
      "integrity": "sha1-VnU8Xo2G0PRXRLk6lpPk9gqLvWw=",
      "requires": {
        "bson-ext": "0.1.13"
      }
    },
    "bson-ext": {
      "version": "0.1.13",
      "resolved": "https://registry.npmjs.org/bson-ext/-/bson-ext-0.1.13.tgz",
      "integrity": "sha1-SkjTCRoh59W05Zu7tUuRJ5Z3+LM=",
      "optional": true,
      "requires": {
        "bindings": "1.5.0",
        "nan": "2.0.9"
      }
    },
    "core-util-is": {
      "version": "1.0.2",
      "resolved": "https://registry.npmjs.org/core-util-is/-/core-util-is-1.0.2.tgz",
      "integrity": "sha1-tf1UIgqivFq1eqtxQMlAdUUDwac="
    },
    "debug": {
      "version": "2.2.0",
      "resolved": "https://registry.npmjs.org/debug/-/debug-2.2.0.tgz",
      "integrity": "sha1-+HBX6ZWxofauaklgZkE3vFbwOdo=",
      "requires": {
        "ms": "0.7.1"
      },
      "dependencies": {
        "ms": {
          "version": "0.7.1",
          "resolved": "https://registry.npmjs.org/ms/-/ms-0.7.1.tgz",
          "integrity": "sha1-nNE8A62/8ltl7/3nzoZO6VIBcJg="
        }
      }
    },
    "diff": {
      "version": "1.0.8",
      "resolved": "https://registry.npmjs.org/diff/-/diff-1.0.8.tgz",
      "integrity": "sha1-NDJ2MI7Jkbe8giZ+1VvBQR+XFmY=",
      "dev": true
    },
    "eyes": {
      "version": "0.1.8",
      "resolved": "https://registry.npmjs.org/eyes/-/eyes-0.1.8.tgz",
      "integrity": "sha1-Ys8SAjTGg3hdkCNIqADvPgzCC8A=",
      "dev": true
    },
    "file-uri-to-path": {
      "version": "1.0.0",
      "resolved": "https://registry.npmjs.org/file-uri-to-path/-/file-uri-to-path-1.0.0.tgz",
      "integrity": "sha512-0Zt+s3L7Vf1biwWZ29aARiVYLx7iMGnEUl9x33fbB/j3jR81u/O2LbqK+Bm1CDSNDKVtJ/YjwY7TUd5SkeLQLw==",
      "optional": true
    },
    "hooks-fixed": {
      "version": "1.0.1",
      "resolved": "https://registry.npmjs.org/hooks-fixed/-/hooks-fixed-1.0.1.tgz",
      "integrity": "sha1-8fZpSmIxf7NsEf+wZ3CKFZR+b54="
    },
    "inherits": {
      "version": "2.0.3",
      "resolved": "https://registry.npmjs.org/inherits/-/inherits-2.0.3.tgz",
      "integrity": "sha1-Yzwsg+PaQqUC9SRmAiSA9CCCYd4="
    },
    "isarray": {
      "version": "0.0.1",
      "resolved": "https://registry.npmjs.org/isarray/-/isarray-0.0.1.tgz",
      "integrity": "sha1-ihis/Kmo9Bd+Cav8YDiTmwXR7t8="
    },
    "kareem": {
      "version": "1.0.1",
      "resolved": "https://registry.npmjs.org/kareem/-/kareem-1.0.1.tgz",
      "integrity": "sha1-eAXSFbtTIU7Dr5aaHQsfF+PnuVw="
    },
    "kerberos": {
      "version": "0.0.24",
      "resolved": "https://registry.npmjs.org/kerberos/-/kerberos-0.0.24.tgz",
      "integrity": "sha512-QO6bFq9eETHB5zcA0OJiQtw137TH45OuUcGtI+QGg2ZJQIPCvwXL2kjCqZZMColcIdbPhj4X40EY5f3oOiBfiw==",
      "optional": true,
      "requires": {
        "nan": "2.10.0"
      },
      "dependencies": {
        "nan": {
          "version": "2.10.0",
          "resolved": "https://registry.npmjs.org/nan/-/nan-2.10.0.tgz",
          "integrity": "sha512-bAdJv7fBLhWC+/Bls0Oza+mvTaNQtP+1RyhhhvD95pgUJz6XM5IzgmxOkItJ9tkoCiplvAnXI1tNmmUD/eScyA==",
          "optional": true
        }
      }
    },
    "merge-recursive": {
      "version": "0.0.3",
      "resolved": "https://registry.npmjs.org/merge-recursive/-/merge-recursive-0.0.3.tgz",
      "integrity": "sha1-3nkB78rsyQbYyrKtHpxHD1o9roQ="
    },
    "mongodb": {
      "version": "2.0.34",
      "resolved": "https://registry.npmjs.org/mongodb/-/mongodb-2.0.34.tgz",
      "integrity": "sha1-5F6KguAXY4pxVXo6I6db3NtZBxg=",
      "requires": {
        "mongodb-core": "1.2.0",
        "readable-stream": "1.0.31"
      }
    },
    "mongodb-core": {
      "version": "1.2.0",
      "resolved": "https://registry.npmjs.org/mongodb-core/-/mongodb-core-1.2.0.tgz",
      "integrity": "sha1-SECNKjRhELKBhLEHcXMio2ItxK4=",
      "requires": {
        "bson": "0.4.23",
        "kerberos": "0.0.24"
      },
      "dependencies": {
        "bson": {
          "version": "0.4.23",
          "resolved": "https://registry.npmjs.org/bson/-/bson-0.4.23.tgz",
          "integrity": "sha1-5louPHUH/63kEJvHV1p25Q+NqRU="
        }
      }
    },
    "mongoose": {
      "version": "4.0.6",
      "resolved": "https://registry.npmjs.org/mongoose/-/mongoose-4.0.6.tgz",
      "integrity": "sha1-FRID/s0QQqd4frEyFNC+hd/FXZQ=",
      "requires": {
        "async": "0.9.0",
        "bson": "0.3.2",
        "hooks-fixed": "1.0.1",
        "kareem": "1.0.1",
        "mongodb": "2.0.34",
        "mpath": "0.1.1",
        "mpromise": "0.5.4",
        "mquery": "1.6.1",
        "ms": "0.1.0",
        "muri": "1.0.0",
        "regexp-clone": "0.0.1",
        "sliced": "0.0.5"
      }
    },
    "mpath": {
      "version": "0.1.1",
      "resolved": "https://registry.npmjs.org/mpath/-/mpath-0.1.1.tgz",
      "integrity": "sha1-I9qFK3wjLuCX9HWdKcDunNItXkY="
    },
    "mpromise": {
      "version": "0.5.4",
      "resolved": "https://registry.npmjs.org/mpromise/-/mpromise-0.5.4.tgz",
      "integrity": "sha1-thBhPsbeN0GflEs18Hg7Ten13HU="
    },
    "mquery": {
      "version": "1.6.1",
      "resolved": "https://registry.npmjs.org/mquery/-/mquery-1.6.1.tgz",
      "integrity": "sha1-16nOKOb+7LikmDDx/GgJ1qQi0Fk=",
      "requires": {
        "bluebird": "2.9.26",
        "debug": "2.2.0",
        "regexp-clone": "0.0.1",
        "sliced": "0.0.5"
      },
      "dependencies": {
        "bluebird": {
          "version": "2.9.26",
          "resolved": "https://registry.npmjs.org/bluebird/-/bluebird-2.9.26.tgz",
          "integrity": "sha1-Nidy6k0J9VakufO2TC/RNuh+OlU="
        }
      }
    },
    "ms": {
      "version": "0.1.0",
      "resolved": "https://registry.npmjs.org/ms/-/ms-0.1.0.tgz",
      "integrity": "sha1-8h+sSQ2vHXZn/RgP6QdzicyUQrI="
    },
    "muri": {
      "version": "1.0.0",
      "resolved": "https://registry.npmjs.org/muri/-/muri-1.0.0.tgz",
      "integrity": "sha1-3jv2vXHWfq5x12aJuVDS3hGGlcY="
    },
    "nan": {
      "version": "2.0.9",
      "resolved": "https://registry.npmjs.org/nan/-/nan-2.0.9.tgz",
      "integrity": "sha1-0Cp3D0Z3iELM65ThfKsx/8cjSgU=",
      "optional": true
    },
    "nanoid": {
      "version": "2.0.1",
      "resolved": "https://registry.npmjs.org/nanoid/-/nanoid-2.0.1.tgz",
      "integrity": "sha512-k1u2uemjIGsn25zmujKnotgniC/gxQ9sdegdezeDiKdkDW56THUMqlz3urndKCXJxA6yPzSZbXx/QCMe/pxqsA=="
    },
    "node-promise": {
      "version": "0.5.8",
      "resolved": "https://registry.npmjs.org/node-promise/-/node-promise-0.5.8.tgz",
      "integrity": "sha1-qavtTCNd4EAdtVzA9BQGC8Wp7YQ="
    },
    "oath": {
      "version": "1.0.0",
      "resolved": "https://registry.npmjs.org/oath/-/oath-1.0.0.tgz",
      "integrity": "sha1-L04fd5e5A6eLJDUn3GgkWwrrDVg=",
      "requires": {
        "simple-assert": "1.0.0"
      }
    },
    "readable-stream": {
      "version": "1.0.31",
      "resolved": "https://registry.npmjs.org/readable-stream/-/readable-stream-1.0.31.tgz",
      "integrity": "sha1-jyUC4LyeOw2huUUgqrtOJgPsr64=",
      "requires": {
        "core-util-is": "1.0.2",
        "inherits": "2.0.3",
        "isarray": "0.0.1",
        "string_decoder": "0.10.31"
      }
    },
    "regexp-clone": {
      "version": "0.0.1",
      "resolved": "https://registry.npmjs.org/regexp-clone/-/regexp-clone-0.0.1.tgz",
      "integrity": "sha1-p8LgmJH9vzj7sQ03b7cwA+aKxYk="
    },
    "sechash": {
      "version": "0.2.1",
      "resolved": "https://registry.npmjs.org/sechash/-/sechash-0.2.1.tgz",
      "integrity": "sha1-i3H+R9aCcvR6NfFkDkzJITJbEzs=",
      "requires": {
        "oath": "1.0.0"
      }
    },
    "short-id": {
      "version": "0.1.0-1",
      "resolved": "https://registry.npmjs.org/short-id/-/short-id-0.1.0-1.tgz",
      "integrity": "sha1-pMDzU3//RiP/hJZIgrXUMBmiQJU=",
      "requires": {
        "merge-recursive": "0.0.3",
        "sechash": "0.2.1"
      }
    },
    "shortid": {
      "version": "2.2.14",
      "resolved": "https://registry.npmjs.org/shortid/-/shortid-2.2.14.tgz",
      "integrity": "sha512-4UnZgr9gDdA1kaKj/38IiudfC3KHKhDc1zi/HSxd9FQDR0VLwH3/y79tZJLsVYPsJgIjeHjqIWaWVRJUj9qZOQ==",
      "requires": {
        "nanoid": "2.0.1"
      }
    },
    "simple-assert": {
      "version": "1.0.0",
      "resolved": "https://registry.npmjs.org/simple-assert/-/simple-assert-1.0.0.tgz",
      "integrity": "sha1-U/F5AADXFEJBJCkHgLwqPlEc8O8=",
      "requires": {
        "assertion-error": "1.0.0"
      }
    },
    "sliced": {
      "version": "0.0.5",
      "resolved": "https://registry.npmjs.org/sliced/-/sliced-0.0.5.tgz",
      "integrity": "sha1-XtwETKTrb3gW1Qui/GPiXY/kcH8="
    },
    "string_decoder": {
      "version": "0.10.31",
      "resolved": "https://registry.npmjs.org/string_decoder/-/string_decoder-0.10.31.tgz",
      "integrity": "sha1-YuIDvEF2bGwoyfyEMB2rHFMQ+pQ="
    },
    "vows": {
      "version": "0.7.0",
      "resolved": "https://registry.npmjs.org/vows/-/vows-0.7.0.tgz",
      "integrity": "sha1-3QBl8RC6DAptY+hEhRwyCBdtWGc=",
      "dev": true,
      "requires": {
        "diff": "1.0.8",
        "eyes": "0.1.8"
      }
    }
  }
}
